{
  "name": "glitch-hello-node",
  "version": "0.0.1",
  "lockfileVersion": 1,
  "requires": true,
  "dependencies": {
    "fastify": {
      "version": "3.28.0",
      "requires": {
        "@fastify/ajv-compiler": "^1.0.0",
        "abstract-logging": "^2.0.0",
        "avvio": "^7.1.2",
        "fast-json-stringify": "^2.5.2",
        "fastify-error": "^0.3.0",
        "find-my-way": "^4.5.0",
        "flatstr": "^1.0.12",
        "light-my-request": "^4.2.0",
        "pino": "^6.13.0",
        "process-warning": "^1.0.0",
        "proxy-addr": "^2.0.7",
        "rfdc": "^1.1.4",
        "secure-json-parse": "^2.0.0",
        "semver": "^7.3.2",
        "tiny-lru": "^8.0.1"
      }
    },
    "fastify-formbody": {
      "version": "5.2.0",
      "requires": {
        "fastify-plugin": "^3.0.0"
      }
    },
    "fastify-static": {
      "version": "4.6.1",
      "requires": {
        "content-disposition": "^0.5.3",
        "encoding-negotiator": "^2.0.1",
        "fastify-plugin": "^3.0.0",
        "glob": "^7.1.4",
        "p-limit": "^3.1.0",
        "readable-stream": "^3.4.0",
        "send": "^0.17.1"
      }
    },
    "handlebars": {
      "version": "4.7.7",
      "requires": {
        "minimist": "^1.2.5",
        "neo-async": "^2.6.0",
        "source-map": "^0.6.1",
        "uglify-js": "^3.1.4",
        "wordwrap": "^1.0.0"
      }
    },
    "iconv": {
      "version": "2.2.3",
      "resolved": "https://registry.npmjs.org/iconv/-/iconv-2.2.3.tgz",
      "integrity": "sha512-evIiYeKdt5nEGYKNkQcGPQy781sYgbBKi3gEkt1s4CwteCdOHSjGGRyyp6lP8inYFZwvzG3lgjXEvGUC8nqQ5A==",
      "optional": true,
      "requires": {
        "nan": "^2.3.5"
      }
    },
    "irc": {
      "version": "0.5.2",
      "resolved": "https://registry.npmjs.org/irc/-/irc-0.5.2.tgz",
      "integrity": "sha512-KnrvkV05Y71SWmRWHtnlWEIH7LA/YeDul6l7tncCGLNEw4B6Obtmkatb3ACnSLj0kOJ6UBiuhss9e+eRG3zlxw==",
      "requires": {
        "iconv": "~2.2.1",
        "irc-colors": "^1.1.0",
        "node-icu-charset-detector": "~0.2.0"
      }
    },
    "irc-colors": {
      "version": "1.5.0",
      "resolved": "https://registry.npmjs.org/irc-colors/-/irc-colors-1.5.0.tgz",
      "integrity": "sha512-HtszKchBQTcqw1DC09uD7i7vvMayHGM1OCo6AHt5pkgZEyo99ClhHTMJdf+Ezc9ovuNNxcH89QfyclGthjZJOw=="
    },
    "nan": {
      "version": "2.16.0",
      "resolved": "https://registry.npmjs.org/nan/-/nan-2.16.0.tgz",
      "integrity": "sha512-UdAqHyFngu7TfQKsCBgAA6pWDkT8MAO7d0jyOecVhN5354xbLqdn8mV9Tat9gepAupm0bt2DbeaSC8vS52MuFA==",
      "optional": true
    },
    "node-icu-charset-detector": {
      "version": "0.2.0",
      "resolved": "https://registry.npmjs.org/node-icu-charset-detector/-/node-icu-charset-detector-0.2.0.tgz",
      "integrity": "sha512-DYOFJ3NfKdxEi9hPbmoCss6WydGhJsxpSleUlZfAWEbZt3AU7JuxailgA9tnqQdsHiujfUY9VtDfWD9m0+ThtQ==",
      "optional": true,
      "requires": {
        "nan": "^2.3.3"
      }
    },
    "point-of-view": {
      "version": "5.2.0",
      "requires": {
        "fastify-plugin": "^3.0.0",
        "hashlru": "^2.3.0"
      }
    }
  }
}
